
Microsoft Visual Studio Solution File, Format Version 12.00
# Visual Studio Version 17
VisualStudioVersion = 17.1.32407.343
MinimumVisualStudioVersion = 10.0.40219.1
Project("{FAE04EC0-301F-11D3-BF4B-00C04F79EFBC}") = "BackendDigitaliaChallenge", "BackendDigitaliaChallenge\BackendDigitaliaChallenge.csproj", "{514C4EE2-1721-44DA-AA07-CF4CF796480D}"
EndProject
Global
	GlobalSection(SolutionConfigurationPlatforms) = preSolution
		Debug|Any CPU = Debug|Any CPU
		Release|Any CPU = Release|Any CPU
	EndGlobalSection
	GlobalSection(ProjectConfigurationPlatforms) = postSolution
		{514C4EE2-1721-44DA-AA07-CF4CF796480D}.Debug|Any CPU.ActiveCfg = Debug|Any CPU
		{514C4EE2-1721-44DA-AA07-CF4CF796480D}.Debug|Any CPU.Build.0 = Debug|Any CPU
		{514C4EE2-1721-44DA-AA07-CF4CF796480D}.Release|Any CPU.ActiveCfg = Release|Any CPU
		{514C4EE2-1721-44DA-AA07-CF4CF796480D}.Release|Any CPU.Build.0 = Release|Any CPU
	EndGlobalSection
	GlobalSection(SolutionProperties) = preSolution
		HideSolutionNode = FALSE
	EndGlobalSection
	GlobalSection(ExtensibilityGlobals) = postSolution
		SolutionGuid = {4C1C6167-2674-4050-A9A7-386A5E424966}
	EndGlobalSection
EndGlobal
